
Microsoft Visual Studio Solution File, Format Version 12.00
# Visual Studio Version 17
VisualStudioVersion = 17.13.35825.156 d17.13
MinimumVisualStudioVersion = 10.0.40219.1
Project("{8BC9CEB8-8B4A-11D0-8D11-00A0C91BC942}") = "멀프과제1", "멀프과제1.vcxproj", "{7F86CFBA-F1A1-4A2C-865C-B8C7BB872ADC}"
EndProject
Global
	GlobalSection(SolutionConfigurationPlatforms) = preSolution
		Debug|x64 = Debug|x64
		Debug|x86 = Debug|x86
		Release|x64 = Release|x64
		Release|x86 = Release|x86
	EndGlobalSection
	GlobalSection(ProjectConfigurationPlatforms) = postSolution
		{7F86CFBA-F1A1-4A2C-865C-B8C7BB872ADC}.Debug|x64.ActiveCfg = Debug|x64
		{7F86CFBA-F1A1-4A2C-865C-B8C7BB872ADC}.Debug|x64.Build.0 = Debug|x64
		{7F86CFBA-F1A1-4A2C-865C-B8C7BB872ADC}.Debug|x86.ActiveCfg = Debug|Win32
		{7F86CFBA-F1A1-4A2C-865C-B8C7BB872ADC}.Debug|x86.Build.0 = Debug|Win32
		{7F86CFBA-F1A1-4A2C-865C-B8C7BB872ADC}.Release|x64.ActiveCfg = Release|x64
		{7F86CFBA-F1A1-4A2C-865C-B8C7BB872ADC}.Release|x64.Build.0 = Release|x64
		{7F86CFBA-F1A1-4A2C-865C-B8C7BB872ADC}.Release|x86.ActiveCfg = Release|Win32
		{7F86CFBA-F1A1-4A2C-865C-B8C7BB872ADC}.Release|x86.Build.0 = Release|Win32
	EndGlobalSection
	GlobalSection(SolutionProperties) = preSolution
		HideSolutionNode = FALSE
	EndGlobalSection
	GlobalSection(ExtensibilityGlobals) = postSolution
		SolutionGuid = {3679C78A-A143-4B80-9C3D-C5EBAE51F8EB}
	EndGlobalSection
EndGlobal
